
Microsoft Visual Studio Solution File, Format Version 12.00
# Visual Studio Version 17
VisualStudioVersion = 17.0.31903.59
MinimumVisualStudioVersion = 10.0.40219.1
Project("{FAE04EC0-301F-11D3-BF4B-00C04F79EFBC}") = "awake", "awake.csproj", "{B1A2C3D4-E5F6-7890-ABCD-1234567890AB}"
EndProject
Global
    GlobalSection(SolutionConfigurationPlatforms) = preSolution
        Debug|Any CPU = Debug|Any CPU
        Release|Any CPU = Release|Any CPU
    EndGlobalSection
    GlobalSection(ProjectConfigurationPlatforms) = postSolution
        {B1A2C3D4-E5F6-7890-ABCD-1234567890AB}.Debug|Any CPU.ActiveCfg = Debug|Any CPU
        {B1A2C3D4-E5F6-7890-ABCD-1234567890AB}.Debug|Any CPU.Build.0 = Debug|Any CPU
        {B1A2C3D4-E5F6-7890-ABCD-1234567890AB}.Release|Any CPU.ActiveCfg = Release|Any CPU
        {B1A2C3D4-E5F6-7890-ABCD-1234567890AB}.Release|Any CPU.Build.0 = Release|Any CPU
    EndGlobalSection
    GlobalSection(SolutionProperties) = preSolution
        HideSolutionNode = FALSE
    EndGlobalSection
EndGlobal
{
    "files.exclude": {
        "**/.git": true,
        "**/.vscode": true,
        "**/bin": true,
        "**/obj": true
    },
    "search.exclude": {
        "**/bin": true,
        "**/obj": true
    },
    "csharp.suppressHiddenDiagnostics": true,
    "csharp.format.enable": true,
    "csharp.referencesCodeLens.enabled": false,
    "csharp.suppressHiddenDiagnostics": false
}
